
Microsoft Visual Studio Solution File, Format Version 12.00
# Visual Studio Version 16
VisualStudioVersion = 16.0.28803.156
MinimumVisualStudioVersion = 10.0.40219.1
Project("{9A19103F-16F7-4668-BE54-9A1E7A4F7556}") = "Api_Demo", "Api_Demo\Api_Demo.csproj", "{9B4EC5D4-5DFA-4447-905B-D9FF0CB01A65}"
EndProject
Global
	GlobalSection(SolutionConfigurationPlatforms) = preSolution
		Debug|Any CPU = Debug|Any CPU
		Release|Any CPU = Release|Any CPU
	EndGlobalSection
	GlobalSection(ProjectConfigurationPlatforms) = postSolution
		{9B4EC5D4-5DFA-4447-905B-D9FF0CB01A65}.Debug|Any CPU.ActiveCfg = Debug|Any CPU
		{9B4EC5D4-5DFA-4447-905B-D9FF0CB01A65}.Debug|Any CPU.Build.0 = Debug|Any CPU
		{9B4EC5D4-5DFA-4447-905B-D9FF0CB01A65}.Release|Any CPU.ActiveCfg = Release|Any CPU
		{9B4EC5D4-5DFA-4447-905B-D9FF0CB01A65}.Release|Any CPU.Build.0 = Release|Any CPU
	EndGlobalSection
	GlobalSection(SolutionProperties) = preSolution
		HideSolutionNode = FALSE
	EndGlobalSection
	GlobalSection(ExtensibilityGlobals) = postSolution
		SolutionGuid = {8C6E8E6C-A619-4763-A8EA-14F2398E0531}
	EndGlobalSection
EndGlobal
